
Microsoft Visual Studio Solution File, Format Version 12.00
# Visual Studio Version 17
VisualStudioVersion = 17.13.35806.99 d17.13
MinimumVisualStudioVersion = 10.0.40219.1
Project("{FAE04EC0-301F-11D3-BF4B-00C04F79EFBC}") = "WpfApp", "WpfApp\WpfApp.csproj", "{E51C83D1-101D-42D5-A672-C3B5B2D500F9}"
EndProject
Project("{FAE04EC0-301F-11D3-BF4B-00C04F79EFBC}") = "WpfApp.Data", "ClassLib\WpfApp.Data.csproj", "{6866B2E0-C622-4079-95C2-E284918C6DA3}"
EndProject
Global
	GlobalSection(SolutionConfigurationPlatforms) = preSolution
		Debug|Any CPU = Debug|Any CPU
		Release|Any CPU = Release|Any CPU
	EndGlobalSection
	GlobalSection(ProjectConfigurationPlatforms) = postSolution
		{E51C83D1-101D-42D5-A672-C3B5B2D500F9}.Debug|Any CPU.ActiveCfg = Debug|Any CPU
		{E51C83D1-101D-42D5-A672-C3B5B2D500F9}.Debug|Any CPU.Build.0 = Debug|Any CPU
		{E51C83D1-101D-42D5-A672-C3B5B2D500F9}.Release|Any CPU.ActiveCfg = Release|Any CPU
		{E51C83D1-101D-42D5-A672-C3B5B2D500F9}.Release|Any CPU.Build.0 = Release|Any CPU
		{6866B2E0-C622-4079-95C2-E284918C6DA3}.Debug|Any CPU.ActiveCfg = Debug|Any CPU
		{6866B2E0-C622-4079-95C2-E284918C6DA3}.Debug|Any CPU.Build.0 = Debug|Any CPU
		{6866B2E0-C622-4079-95C2-E284918C6DA3}.Release|Any CPU.ActiveCfg = Release|Any CPU
		{6866B2E0-C622-4079-95C2-E284918C6DA3}.Release|Any CPU.Build.0 = Release|Any CPU
	EndGlobalSection
	GlobalSection(SolutionProperties) = preSolution
		HideSolutionNode = FALSE
	EndGlobalSection
	GlobalSection(ExtensibilityGlobals) = postSolution
		SolutionGuid = {89488974-744F-4576-B1EB-0BF0E1530D04}
	EndGlobalSection
EndGlobal
